
Microsoft Visual Studio Solution File, Format Version 12.00
# Visual Studio 15
VisualStudioVersion = 15.0.27004.2010
MinimumVisualStudioVersion = 10.0.40219.1
Project("{FAE04EC0-301F-11D3-BF4B-00C04F79EFBC}") = "MotorBikeService", "ViolationBasicPrinciples\MotorBikeService.csproj", "{F666B96F-793F-405C-80BD-32B2E537D78E}"
EndProject
Project("{FAE04EC0-301F-11D3-BF4B-00C04F79EFBC}") = "RepaireService", "RepaireService\RepaireService.csproj", "{620DA254-A2B0-4DEB-A178-91A919B9F4CE}"
EndProject
Global
	GlobalSection(SolutionConfigurationPlatforms) = preSolution
		Debug|Any CPU = Debug|Any CPU
		Release|Any CPU = Release|Any CPU
	EndGlobalSection
	GlobalSection(ProjectConfigurationPlatforms) = postSolution
		{F666B96F-793F-405C-80BD-32B2E537D78E}.Debug|Any CPU.ActiveCfg = Debug|Any CPU
		{F666B96F-793F-405C-80BD-32B2E537D78E}.Debug|Any CPU.Build.0 = Debug|Any CPU
		{F666B96F-793F-405C-80BD-32B2E537D78E}.Release|Any CPU.ActiveCfg = Release|Any CPU
		{F666B96F-793F-405C-80BD-32B2E537D78E}.Release|Any CPU.Build.0 = Release|Any CPU
		{620DA254-A2B0-4DEB-A178-91A919B9F4CE}.Debug|Any CPU.ActiveCfg = Debug|Any CPU
		{620DA254-A2B0-4DEB-A178-91A919B9F4CE}.Debug|Any CPU.Build.0 = Debug|Any CPU
		{620DA254-A2B0-4DEB-A178-91A919B9F4CE}.Release|Any CPU.ActiveCfg = Release|Any CPU
		{620DA254-A2B0-4DEB-A178-91A919B9F4CE}.Release|Any CPU.Build.0 = Release|Any CPU
	EndGlobalSection
	GlobalSection(SolutionProperties) = preSolution
		HideSolutionNode = FALSE
	EndGlobalSection
	GlobalSection(ExtensibilityGlobals) = postSolution
		SolutionGuid = {9826E028-EAA7-4C69-A552-CEACA8510328}
	EndGlobalSection
EndGlobal
